{
  "nodes": {
    "configured-nvim": {
      "inputs": {
        "neovim-nightly": "neovim-nightly",
        "neovim-stable": "neovim-stable",
        "nixpkgs": [
          "nixpkgs"
        ]
      },
      "locked": {
        "lastModified": 1692185700,
        "narHash": "sha256-yd88gCc9lkPHFYSQ/oliWmhK6SdQh141Vq3AklQffS0=",
        "owner": "chfoidl",
        "repo": "nvim-flake",
        "rev": "27be7e58eae7fd8d7aba8a1b01defb5588bb6d1e",
        "type": "github"
      },
      "original": {
        "owner": "chfoidl",
        "repo": "nvim-flake",
        "type": "github"
      }
    },
    "ddev": {
      "inputs": {
        "nixpkgs": [
          "nixpkgs"
        ],
        "ww-utils": "ww-utils"
      },
      "locked": {
        "lastModified": 1691858013,
        "narHash": "sha256-ugilBvSQ3d4JcSNztGuL0n/1PerXHhiNIXXKgHZIFDw=",
        "owner": "wunderwerkio",
        "repo": "nix-ddev",
        "rev": "54f2a669994cf5fb4cbcb851bbfe17843a236e7c",
        "type": "github"
      },
      "original": {
        "owner": "wunderwerkio",
        "ref": "v1.22.1",
        "repo": "nix-ddev",
        "type": "github"
      }
    },
    "flake-utils": {
      "inputs": {
        "systems": "systems"
      },
      "locked": {
        "lastModified": 1685518550,
        "narHash": "sha256-o2d0KcvaXzTrPRIo0kOLV0/QXHhDQ5DTi+OxcjO8xqY=",
        "owner": "numtide",
        "repo": "flake-utils",
        "rev": "a1720a10a6cfe8234c0e93907ffe81be440f4cef",
        "type": "github"
      },
      "original": {
        "owner": "numtide",
        "repo": "flake-utils",
        "type": "github"
      }
    },
    "flake-utils_2": {
      "locked": {
        "lastModified": 1667395993,
        "narHash": "sha256-nuEHfE/LcWyuSWnS8t12N1wc105Qtau+/OdUAjtQ0rA=",
        "owner": "numtide",
        "repo": "flake-utils",
        "rev": "5aed5285a952e0b949eb3ba02c12fa4fcfef535f",
        "type": "github"
      },
      "original": {
        "owner": "numtide",
        "repo": "flake-utils",
        "type": "github"
      }
    },
    "home-manager": {
      "inputs": {
        "nixpkgs": [
          "nixpkgs"
        ]
      },
      "locked": {
        "lastModified": 1693208669,
        "narHash": "sha256-hHFaaUsZ860wvppPeiu7nJn/nXZjJfnqAQEu9SPFE9I=",
        "owner": "nix-community",
        "repo": "home-manager",
        "rev": "5bac4a1c06cd77cf8fc35a658ccb035a6c50cd2c",
        "type": "github"
      },
      "original": {
        "owner": "nix-community",
        "ref": "release-23.05",
        "repo": "home-manager",
        "type": "github"
      }
    },
    "hyprland": {
      "inputs": {
        "hyprland-protocols": "hyprland-protocols",
        "nixpkgs": [
          "nixpkgs-unstable"
        ],
        "systems": "systems_2",
        "wlroots": "wlroots",
        "xdph": "xdph"
      },
      "locked": {
        "lastModified": 1693256615,
        "narHash": "sha256-1EznFZBr21tuU795UzJFkBKU7aAv7sDCoSVGwzuvTFY=",
        "owner": "hyprwm",
        "repo": "Hyprland",
        "rev": "0a78f6031c8fcc6773f136fccde3d560aaac239d",
        "type": "github"
      },
      "original": {
        "owner": "hyprwm",
        "ref": "v0.29.0",
        "repo": "Hyprland",
        "type": "github"
      }
    },
    "hyprland-protocols": {
      "inputs": {
        "nixpkgs": [
          "hyprland",
          "nixpkgs"
        ],
        "systems": [
          "hyprland",
          "systems"
        ]
      },
      "locked": {
        "lastModified": 1691753796,
        "narHash": "sha256-zOEwiWoXk3j3+EoF3ySUJmberFewWlagvewDRuWYAso=",
        "owner": "hyprwm",
        "repo": "hyprland-protocols",
        "rev": "0c2ce70625cb30aef199cb388f99e19a61a6ce03",
        "type": "github"
      },
      "original": {
        "owner": "hyprwm",
        "repo": "hyprland-protocols",
        "type": "github"
      }
    },
    "hyprpaper": {
      "inputs": {
        "nixpkgs": [
          "nixpkgs-unstable"
        ]
      },
      "locked": {
        "lastModified": 1691060455,
        "narHash": "sha256-V5ulB9CkGh1ghiC4BKvRdoYKZzpaiOKzAOUmJIFkgM0=",
        "owner": "hyprwm",
        "repo": "hyprpaper",
        "rev": "e498c438b1e16dcf32ecb3030b20b83f7ed9ff6d",
        "type": "github"
      },
      "original": {
        "owner": "hyprwm",
        "ref": "v0.4.0",
        "repo": "hyprpaper",
        "type": "github"
      }
    },
    "neovim-nightly": {
      "inputs": {
        "flake-utils": "flake-utils",
        "nixpkgs": [
          "configured-nvim",
          "nixpkgs"
        ]
      },
      "locked": {
        "dir": "contrib",
        "lastModified": 1692170283,
        "narHash": "sha256-FMZ1e75K+BnVQuzLj1D5xu8yS6lmcqfhfKaxQL9tBW8=",
        "owner": "neovim",
        "repo": "neovim",
        "rev": "54be7d6b45a9ae51c218c0e5c1c20dd608b97297",
        "type": "github"
      },
      "original": {
        "dir": "contrib",
        "owner": "neovim",
        "repo": "neovim",
        "type": "github"
      }
    },
    "neovim-stable": {
      "inputs": {
        "flake-utils": "flake-utils_2",
        "nixpkgs": [
          "configured-nvim",
          "nixpkgs"
        ]
      },
      "locked": {
        "dir": "contrib",
        "lastModified": 1685359478,
        "narHash": "sha256-G51qD7GklEn0JrneKSSqDDx0Odi7W2FjdQc0ZDE9ZK4=",
        "owner": "neovim",
        "repo": "neovim",
        "rev": "7d4bba7aa7a4a3444919ea7a3804094c290395ef",
        "type": "github"
      },
      "original": {
        "dir": "contrib",
        "owner": "neovim",
        "ref": "stable",
        "repo": "neovim",
        "type": "github"
      }
    },
    "nixpkgs": {
      "locked": {
        "lastModified": 1689605451,
        "narHash": "sha256-u2qp2k9V1smCfk6rdUcgMKvBj3G9jVvaPHyeXinjN9E=",
        "owner": "nixos",
        "repo": "nixpkgs",
        "rev": "53657afe29748b3e462f1f892287b7e254c26d77",
        "type": "github"
      },
      "original": {
        "owner": "nixos",
        "ref": "nixos-23.05",
        "repo": "nixpkgs",
        "type": "github"
      }
    },
    "nixpkgs-hardware": {
      "locked": {
        "lastModified": 1693588489,
        "narHash": "sha256-hUGiONyurfBxmTtRUttdlkdq+ml16L1MiKKAS1047OE=",
        "owner": "nixos",
        "repo": "nixos-hardware",
        "rev": "fe0ea731b84b10143fc68cd557368ac70f0fb65c",
        "type": "github"
      },
      "original": {
        "owner": "nixos",
        "ref": "master",
        "repo": "nixos-hardware",
        "type": "github"
      }
    },
    "nixpkgs-stable": {
      "locked": {
        "lastModified": 1693097136,
        "narHash": "sha256-fBZSMdBaoZ0INFbyZ5s0DOF7zDNcLsLxgkwdDh3l9Pc=",
        "owner": "NixOS",
        "repo": "nixpkgs",
        "rev": "9117c4e9dc117a6cd0319cca40f2349ed333669d",
        "type": "github"
      },
      "original": {
        "owner": "NixOS",
        "ref": "release-23.05",
        "repo": "nixpkgs",
        "type": "github"
      }
    },
    "nixpkgs-unstable": {
      "locked": {
        "lastModified": 1693565476,
        "narHash": "sha256-ya00zHt7YbPo3ve/wNZ/6nts61xt7wK/APa6aZAfey0=",
        "owner": "nixos",
        "repo": "nixpkgs",
        "rev": "aa8aa7e2ea35ce655297e8322dc82bf77a31d04b",
        "type": "github"
      },
      "original": {
        "owner": "nixos",
        "ref": "nixos-unstable",
        "repo": "nixpkgs",
        "type": "github"
      }
    },
    "nixpkgs_2": {
      "locked": {
        "lastModified": 1693428224,
        "narHash": "sha256-FWUUlhYqkGEySUD0blTADRiDQ7fw+H1ikivfu88uy+w=",
        "owner": "nixos",
        "repo": "nixpkgs",
        "rev": "841889913dfd06a70ffb39f603e29e46f45f0c1a",
        "type": "github"
      },
      "original": {
        "owner": "nixos",
        "ref": "nixos-23.05",
        "repo": "nixpkgs",
        "type": "github"
      }
    },
    "root": {
      "inputs": {
        "configured-nvim": "configured-nvim",
        "ddev": "ddev",
        "home-manager": "home-manager",
        "hyprland": "hyprland",
        "hyprpaper": "hyprpaper",
        "nixpkgs": "nixpkgs_2",
        "nixpkgs-hardware": "nixpkgs-hardware",
        "nixpkgs-unstable": "nixpkgs-unstable",
        "sops-nix": "sops-nix"
      }
    },
    "sops-nix": {
      "inputs": {
        "nixpkgs": [
          "nixpkgs"
        ],
        "nixpkgs-stable": "nixpkgs-stable"
      },
      "locked": {
        "lastModified": 1693404499,
        "narHash": "sha256-cx/7yvM/AP+o/3wPJmA9W9F+WHemJk5t+Xcr+Qwkqhg=",
        "owner": "Mic92",
        "repo": "sops-nix",
        "rev": "d9c5dc41c4b1f74c77f0dbffd0f3a4ebde447b7a",
        "type": "github"
      },
      "original": {
        "owner": "Mic92",
        "repo": "sops-nix",
        "type": "github"
      }
    },
    "systems": {
      "locked": {
        "lastModified": 1681028828,
        "narHash": "sha256-Vy1rq5AaRuLzOxct8nz4T6wlgyUR7zLU309k9mBC768=",
        "owner": "nix-systems",
        "repo": "default",
        "rev": "da67096a3b9bf56a91d16901293e51ba5b49a27e",
        "type": "github"
      },
      "original": {
        "owner": "nix-systems",
        "repo": "default",
        "type": "github"
      }
    },
    "systems_2": {
      "locked": {
        "lastModified": 1689347949,
        "narHash": "sha256-12tWmuL2zgBgZkdoB6qXZsgJEH9LR3oUgpaQq2RbI80=",
        "owner": "nix-systems",
        "repo": "default-linux",
        "rev": "31732fcf5e8fea42e59c2488ad31a0e651500f68",
        "type": "github"
      },
      "original": {
        "owner": "nix-systems",
        "repo": "default-linux",
        "type": "github"
      }
    },
    "wlroots": {
      "flake": false,
      "locked": {
        "host": "gitlab.freedesktop.org",
        "lastModified": 1692976565,
        "narHash": "sha256-eBKkG7tMxg92NskEn8dHRFY245JwjirWRoOZzW6DnUw=",
        "owner": "wlroots",
        "repo": "wlroots",
        "rev": "717ded9bb0191ea31bf4368be32e7a15fe1b8294",
        "type": "gitlab"
      },
      "original": {
        "host": "gitlab.freedesktop.org",
        "owner": "wlroots",
        "repo": "wlroots",
        "rev": "717ded9bb0191ea31bf4368be32e7a15fe1b8294",
        "type": "gitlab"
      }
    },
    "ww-utils": {
      "inputs": {
        "nixpkgs": "nixpkgs"
      },
      "locked": {
        "lastModified": 1689680157,
        "narHash": "sha256-EHuuswdDYzC2KZn/wkicMSNFlPNMNGmr7WERiv6+aIg=",
        "owner": "wunderwerkio",
        "repo": "nix-ww-utils",
        "rev": "707584d9ce59a907621eb02f7bf2e1dc1a0dbb80",
        "type": "github"
      },
      "original": {
        "owner": "wunderwerkio",
        "repo": "nix-ww-utils",
        "type": "github"
      }
    },
    "xdph": {
      "inputs": {
        "hyprland-protocols": [
          "hyprland",
          "hyprland-protocols"
        ],
        "nixpkgs": [
          "hyprland",
          "nixpkgs"
        ],
        "systems": [
          "hyprland",
          "systems"
        ]
      },
      "locked": {
        "lastModified": 1691841170,
        "narHash": "sha256-RCTm1/MVWYPnReMgyp7tr2ogGYo/pvw38jZaFwemgPU=",
        "owner": "hyprwm",
        "repo": "xdg-desktop-portal-hyprland",
        "rev": "57a3a41ba6b358109e4fc25c6a4706b5f7d93c6b",
        "type": "github"
      },
      "original": {
        "owner": "hyprwm",
        "repo": "xdg-desktop-portal-hyprland",
        "type": "github"
      }
    }
  },
  "root": "root",
  "version": 7
}
